
Microsoft Visual Studio Solution File, Format Version 12.00
# Visual Studio Version 17
VisualStudioVersion = 17.13.35806.99 d17.13
MinimumVisualStudioVersion = 10.0.40219.1
Project("{FAE04EC0-301F-11D3-BF4B-00C04F79EFBC}") = "TalkWave.Common", "TalkWave.Common\TalkWave.Common.csproj", "{EEC3DF01-AD7A-4ECA-A24F-BE7747B44EAD}"
EndProject
Global
	GlobalSection(SolutionConfigurationPlatforms) = preSolution
		Debug|Any CPU = Debug|Any CPU
		Release|Any CPU = Release|Any CPU
	EndGlobalSection
	GlobalSection(ProjectConfigurationPlatforms) = postSolution
		{EEC3DF01-AD7A-4ECA-A24F-BE7747B44EAD}.Debug|Any CPU.ActiveCfg = Debug|Any CPU
		{EEC3DF01-AD7A-4ECA-A24F-BE7747B44EAD}.Debug|Any CPU.Build.0 = Debug|Any CPU
		{EEC3DF01-AD7A-4ECA-A24F-BE7747B44EAD}.Release|Any CPU.ActiveCfg = Release|Any CPU
		{EEC3DF01-AD7A-4ECA-A24F-BE7747B44EAD}.Release|Any CPU.Build.0 = Release|Any CPU
	EndGlobalSection
	GlobalSection(SolutionProperties) = preSolution
		HideSolutionNode = FALSE
	EndGlobalSection
	GlobalSection(ExtensibilityGlobals) = postSolution
		SolutionGuid = {37098E76-8EE2-4D1F-AEB5-5199B77254BD}
	EndGlobalSection
EndGlobal
